
Microsoft Visual Studio Solution File, Format Version 12.00
# Visual Studio Version 17
VisualStudioVersion = 17.8.34330.188
MinimumVisualStudioVersion = 10.0.40219.1
Project("{2150E333-8FDC-42A3-9474-1A3956D46DE8}") = "WebForms", "WebForms", "{0BD184F1-4047-4FD9-ADDE-D731ABD31D56}"
EndProject
Project("{9A19103F-16F7-4668-BE54-9A1E7A4F7556}") = "DxHotels.Blazor", "DxHotels.Blazor\DxHotels.Blazor.csproj", "{71972C61-D52C-43B9-A76D-FFE3E6329B6D}"
EndProject
Project("{9A19103F-16F7-4668-BE54-9A1E7A4F7556}") = "DXHotels.Controls", "DXHotels.Controls\DXHotels.Controls.csproj", "{234761B2-A06D-4CED-9580-95063D260C29}"
EndProject
Project("{E24C65DC-7377-472B-9ABA-BC803B73C61A}") = "HotelBooking.Desktop", "..\..\Users\Public\Documents\DevExpress Demos 23.2\Components\ASP.NET\CS\HotelBooking.Desktop\", "{DB2A2CB3-DF59-4C6C-A764-08457B19C25F}"
	ProjectSection(WebsiteProperties) = preProject
		TargetFrameworkMoniker = ".NETFramework,Version%3Dv4.8"
		Debug.AspNetCompiler.VirtualPath = "/localhost_57705"
		Debug.AspNetCompiler.PhysicalPath = "..\..\Users\Public\Documents\DevExpress Demos 23.2\Components\ASP.NET\CS\HotelBooking.Desktop\"
		Debug.AspNetCompiler.TargetPath = "PrecompiledWeb\localhost_57705\"
		Debug.AspNetCompiler.Updateable = "true"
		Debug.AspNetCompiler.ForceOverwrite = "true"
		Debug.AspNetCompiler.FixedNames = "false"
		Debug.AspNetCompiler.Debug = "True"
		Release.AspNetCompiler.VirtualPath = "/localhost_57705"
		Release.AspNetCompiler.PhysicalPath = "..\..\Users\Public\Documents\DevExpress Demos 23.2\Components\ASP.NET\CS\HotelBooking.Desktop\"
		Release.AspNetCompiler.TargetPath = "PrecompiledWeb\localhost_57705\"
		Release.AspNetCompiler.Updateable = "true"
		Release.AspNetCompiler.ForceOverwrite = "true"
		Release.AspNetCompiler.FixedNames = "false"
		Release.AspNetCompiler.Debug = "False"
		VWDPort = "57705"
		SlnRelativePath = "..\..\Users\Public\Documents\DevExpress Demos 23.2\Components\ASP.NET\CS\HotelBooking.Desktop\"
	EndProjectSection
EndProject
Global
	GlobalSection(SolutionConfigurationPlatforms) = preSolution
		Debug|Any CPU = Debug|Any CPU
		Release|Any CPU = Release|Any CPU
	EndGlobalSection
	GlobalSection(ProjectConfigurationPlatforms) = postSolution
		{71972C61-D52C-43B9-A76D-FFE3E6329B6D}.Debug|Any CPU.ActiveCfg = Debug|Any CPU
		{71972C61-D52C-43B9-A76D-FFE3E6329B6D}.Debug|Any CPU.Build.0 = Debug|Any CPU
		{71972C61-D52C-43B9-A76D-FFE3E6329B6D}.Release|Any CPU.ActiveCfg = Release|Any CPU
		{71972C61-D52C-43B9-A76D-FFE3E6329B6D}.Release|Any CPU.Build.0 = Release|Any CPU
		{234761B2-A06D-4CED-9580-95063D260C29}.Debug|Any CPU.ActiveCfg = Debug|Any CPU
		{234761B2-A06D-4CED-9580-95063D260C29}.Debug|Any CPU.Build.0 = Debug|Any CPU
		{234761B2-A06D-4CED-9580-95063D260C29}.Release|Any CPU.ActiveCfg = Release|Any CPU
		{234761B2-A06D-4CED-9580-95063D260C29}.Release|Any CPU.Build.0 = Release|Any CPU
		{DB2A2CB3-DF59-4C6C-A764-08457B19C25F}.Debug|Any CPU.ActiveCfg = Debug|Any CPU
		{DB2A2CB3-DF59-4C6C-A764-08457B19C25F}.Debug|Any CPU.Build.0 = Debug|Any CPU
		{DB2A2CB3-DF59-4C6C-A764-08457B19C25F}.Release|Any CPU.ActiveCfg = Debug|Any CPU
		{DB2A2CB3-DF59-4C6C-A764-08457B19C25F}.Release|Any CPU.Build.0 = Debug|Any CPU
	EndGlobalSection
	GlobalSection(SolutionProperties) = preSolution
		HideSolutionNode = FALSE
	EndGlobalSection
	GlobalSection(NestedProjects) = preSolution
		{DB2A2CB3-DF59-4C6C-A764-08457B19C25F} = {0BD184F1-4047-4FD9-ADDE-D731ABD31D56}
	EndGlobalSection
	GlobalSection(ExtensibilityGlobals) = postSolution
		SolutionGuid = {950DA7CC-A074-4044-A5EB-7FCE4E5B7A08}
	EndGlobalSection
EndGlobal
